
Microsoft Visual Studio Solution File, Format Version 12.00
# Visual Studio Version 16
VisualStudioVersion = 16.0.30621.155
MinimumVisualStudioVersion = 10.0.40219.1
Project("{8BC9CEB8-8B4A-11D0-8D11-00A0C91BC942}") = "Unordered-Map", "Unordered-Map\Unordered-Map.vcxproj", "{CCE184BD-2AAC-4D15-ABF4-E5EA1AA8299D}"
EndProject
Global
	GlobalSection(SolutionConfigurationPlatforms) = preSolution
		Debug|x64 = Debug|x64
		Debug|x86 = Debug|x86
		Release|x64 = Release|x64
		Release|x86 = Release|x86
	EndGlobalSection
	GlobalSection(ProjectConfigurationPlatforms) = postSolution
		{CCE184BD-2AAC-4D15-ABF4-E5EA1AA8299D}.Debug|x64.ActiveCfg = Debug|x64
		{CCE184BD-2AAC-4D15-ABF4-E5EA1AA8299D}.Debug|x64.Build.0 = Debug|x64
		{CCE184BD-2AAC-4D15-ABF4-E5EA1AA8299D}.Debug|x86.ActiveCfg = Debug|Win32
		{CCE184BD-2AAC-4D15-ABF4-E5EA1AA8299D}.Debug|x86.Build.0 = Debug|Win32
		{CCE184BD-2AAC-4D15-ABF4-E5EA1AA8299D}.Release|x64.ActiveCfg = Release|x64
		{CCE184BD-2AAC-4D15-ABF4-E5EA1AA8299D}.Release|x64.Build.0 = Release|x64
		{CCE184BD-2AAC-4D15-ABF4-E5EA1AA8299D}.Release|x86.ActiveCfg = Release|Win32
		{CCE184BD-2AAC-4D15-ABF4-E5EA1AA8299D}.Release|x86.Build.0 = Release|Win32
	EndGlobalSection
	GlobalSection(SolutionProperties) = preSolution
		HideSolutionNode = FALSE
	EndGlobalSection
	GlobalSection(ExtensibilityGlobals) = postSolution
		SolutionGuid = {DD41162A-F68F-4A88-9DE4-A9C3F19D40B6}
	EndGlobalSection
EndGlobal
